
Microsoft Visual Studio Solution File, Format Version 12.00
# Visual Studio Version 16
VisualStudioVersion = 16.0.31105.61
MinimumVisualStudioVersion = 10.0.40219.1
Project("{FAE04EC0-301F-11D3-BF4B-00C04F79EFBC}") = "Peedroca.DesignPattern.Exercise", "Peedroca.DesignPattern.Exercise.csproj", "{250749C5-1969-43D9-83C7-208E425567A2}"
EndProject
Global
	GlobalSection(SolutionConfigurationPlatforms) = preSolution
		Debug|Any CPU = Debug|Any CPU
		Release|Any CPU = Release|Any CPU
	EndGlobalSection
	GlobalSection(ProjectConfigurationPlatforms) = postSolution
		{250749C5-1969-43D9-83C7-208E425567A2}.Debug|Any CPU.ActiveCfg = Debug|Any CPU
		{250749C5-1969-43D9-83C7-208E425567A2}.Debug|Any CPU.Build.0 = Debug|Any CPU
		{250749C5-1969-43D9-83C7-208E425567A2}.Release|Any CPU.ActiveCfg = Release|Any CPU
		{250749C5-1969-43D9-83C7-208E425567A2}.Release|Any CPU.Build.0 = Release|Any CPU
	EndGlobalSection
	GlobalSection(SolutionProperties) = preSolution
		HideSolutionNode = FALSE
	EndGlobalSection
	GlobalSection(ExtensibilityGlobals) = postSolution
		SolutionGuid = {D679058C-8360-4C9C-ADD6-81250AAB11A7}
	EndGlobalSection
EndGlobal
