
Microsoft Visual Studio Solution File, Format Version 12.00
# Visual Studio Version 16
VisualStudioVersion = 16.0.31205.134
MinimumVisualStudioVersion = 10.0.40219.1
Project("{FAE04EC0-301F-11D3-BF4B-00C04F79EFBC}") = "LivrosMVC.WebApp", "LivrosMVC.WebApp\LivrosMVC.WebApp.csproj", "{9F33832B-E124-497F-9443-AF03C1EE97BF}"
EndProject
Global
	GlobalSection(SolutionConfigurationPlatforms) = preSolution
		Debug|Any CPU = Debug|Any CPU
		Release|Any CPU = Release|Any CPU
	EndGlobalSection
	GlobalSection(ProjectConfigurationPlatforms) = postSolution
		{9F33832B-E124-497F-9443-AF03C1EE97BF}.Debug|Any CPU.ActiveCfg = Debug|Any CPU
		{9F33832B-E124-497F-9443-AF03C1EE97BF}.Debug|Any CPU.Build.0 = Debug|Any CPU
		{9F33832B-E124-497F-9443-AF03C1EE97BF}.Release|Any CPU.ActiveCfg = Release|Any CPU
		{9F33832B-E124-497F-9443-AF03C1EE97BF}.Release|Any CPU.Build.0 = Release|Any CPU
	EndGlobalSection
	GlobalSection(SolutionProperties) = preSolution
		HideSolutionNode = FALSE
	EndGlobalSection
	GlobalSection(ExtensibilityGlobals) = postSolution
		SolutionGuid = {055FE8EE-6170-48E0-8E4A-3266D52C31B1}
	EndGlobalSection
EndGlobal
