
Microsoft Visual Studio Solution File, Format Version 12.00
# Visual Studio Version 16
VisualStudioVersion = 16.0.31129.286
MinimumVisualStudioVersion = 10.0.40219.1
Project("{9A19103F-16F7-4668-BE54-9A1E7A4F7556}") = "DesignPattersII.Exercise", "DesignPattersII.Exercise\DesignPattersII.Exercise.csproj", "{CD3292C0-FABD-4F53-9C46-9879BD91AE79}"
EndProject
Project("{9A19103F-16F7-4668-BE54-9A1E7A4F7556}") = "DesignPatternsII.Flyweight", "DesignPatternsII.Flyweight\DesignPatternsII.Flyweight.csproj", "{3C1680E3-7642-4C67-80F4-C6118ECD64EC}"
EndProject
Project("{9A19103F-16F7-4668-BE54-9A1E7A4F7556}") = "DesignPatternsII.Interpreter", "DesignPatternsII.Interpreter\DesignPatternsII.Interpreter.csproj", "{973050D1-E1DD-4AFE-9F2A-B79191CE5BD3}"
EndProject
Project("{9A19103F-16F7-4668-BE54-9A1E7A4F7556}") = "DesignPatternsII.Bridges", "DesignPatternsII.Bridges\DesignPatternsII.Bridges.csproj", "{59A2E4C6-0EFC-40BB-9A9E-3D40984B4497}"
EndProject
Project("{FAE04EC0-301F-11D3-BF4B-00C04F79EFBC}") = "DesignPatternsII.Command", "DesignPatternsII.Command\DesignPatternsII.Command.csproj", "{9957A5B3-83C6-4BB1-AFCD-7D6594CB296E}"
EndProject
Project("{FAE04EC0-301F-11D3-BF4B-00C04F79EFBC}") = "DesignPatternsII.Adapter", "DesignPatternsII.Adapter\DesignPatternsII.Adapter.csproj", "{53BB999E-4F24-4B92-AA15-C068D7ED7285}"
EndProject
Global
	GlobalSection(SolutionConfigurationPlatforms) = preSolution
		Debug|Any CPU = Debug|Any CPU
		Release|Any CPU = Release|Any CPU
	EndGlobalSection
	GlobalSection(ProjectConfigurationPlatforms) = postSolution
		{CD3292C0-FABD-4F53-9C46-9879BD91AE79}.Debug|Any CPU.ActiveCfg = Debug|Any CPU
		{CD3292C0-FABD-4F53-9C46-9879BD91AE79}.Debug|Any CPU.Build.0 = Debug|Any CPU
		{CD3292C0-FABD-4F53-9C46-9879BD91AE79}.Release|Any CPU.ActiveCfg = Release|Any CPU
		{CD3292C0-FABD-4F53-9C46-9879BD91AE79}.Release|Any CPU.Build.0 = Release|Any CPU
		{3C1680E3-7642-4C67-80F4-C6118ECD64EC}.Debug|Any CPU.ActiveCfg = Debug|Any CPU
		{3C1680E3-7642-4C67-80F4-C6118ECD64EC}.Debug|Any CPU.Build.0 = Debug|Any CPU
		{3C1680E3-7642-4C67-80F4-C6118ECD64EC}.Release|Any CPU.ActiveCfg = Release|Any CPU
		{3C1680E3-7642-4C67-80F4-C6118ECD64EC}.Release|Any CPU.Build.0 = Release|Any CPU
		{973050D1-E1DD-4AFE-9F2A-B79191CE5BD3}.Debug|Any CPU.ActiveCfg = Debug|Any CPU
		{973050D1-E1DD-4AFE-9F2A-B79191CE5BD3}.Debug|Any CPU.Build.0 = Debug|Any CPU
		{973050D1-E1DD-4AFE-9F2A-B79191CE5BD3}.Release|Any CPU.ActiveCfg = Release|Any CPU
		{973050D1-E1DD-4AFE-9F2A-B79191CE5BD3}.Release|Any CPU.Build.0 = Release|Any CPU
		{59A2E4C6-0EFC-40BB-9A9E-3D40984B4497}.Debug|Any CPU.ActiveCfg = Debug|Any CPU
		{59A2E4C6-0EFC-40BB-9A9E-3D40984B4497}.Debug|Any CPU.Build.0 = Debug|Any CPU
		{59A2E4C6-0EFC-40BB-9A9E-3D40984B4497}.Release|Any CPU.ActiveCfg = Release|Any CPU
		{59A2E4C6-0EFC-40BB-9A9E-3D40984B4497}.Release|Any CPU.Build.0 = Release|Any CPU
		{9957A5B3-83C6-4BB1-AFCD-7D6594CB296E}.Debug|Any CPU.ActiveCfg = Debug|Any CPU
		{9957A5B3-83C6-4BB1-AFCD-7D6594CB296E}.Debug|Any CPU.Build.0 = Debug|Any CPU
		{9957A5B3-83C6-4BB1-AFCD-7D6594CB296E}.Release|Any CPU.ActiveCfg = Release|Any CPU
		{9957A5B3-83C6-4BB1-AFCD-7D6594CB296E}.Release|Any CPU.Build.0 = Release|Any CPU
		{53BB999E-4F24-4B92-AA15-C068D7ED7285}.Debug|Any CPU.ActiveCfg = Debug|Any CPU
		{53BB999E-4F24-4B92-AA15-C068D7ED7285}.Debug|Any CPU.Build.0 = Debug|Any CPU
		{53BB999E-4F24-4B92-AA15-C068D7ED7285}.Release|Any CPU.ActiveCfg = Release|Any CPU
		{53BB999E-4F24-4B92-AA15-C068D7ED7285}.Release|Any CPU.Build.0 = Release|Any CPU
	EndGlobalSection
	GlobalSection(SolutionProperties) = preSolution
		HideSolutionNode = FALSE
	EndGlobalSection
	GlobalSection(ExtensibilityGlobals) = postSolution
		SolutionGuid = {27722A0D-971C-49D3-A118-24E71D1BC780}
	EndGlobalSection
EndGlobal
